# Generated by buf. DO NOT EDIT.
version: v2
deps:
  - name: buf.build/einride/googleapis
    commit: 4b867c1ec59445ff95009ca2a3e6cb4c
    digest: b5:171dbbe44bbd9c2621aecf5ae8e2e378764b57f801ee062da16bae501b849777c96a0a9c85761a1b423549faf83815324912906993ce4a15230e3c0694775316
  - name: buf.build/einride/iam
    commit: c9c6613b427541958e0ad8f7d1dc29f3
    digest: b5:5218e00971200da1a3eaff9576040d7d726bfd4d31d05c10d10775946ea2d2bee2d96ae4bbefca8a5bca6594f39e14a4aa94e923e111ff3377a77676d4991f1f
  - name: buf.build/envoyproxy/protoc-gen-validate
    commit: 6607b10f00ed4a3d98f906807131c44a
    digest: b5:ade405ac4328bd0a2cf83c93bcb4bc389d4897afd86a0096df4537b180916882da4e4f0c2d45f0b1554d7a6c87f6c5bc94b71b3555ca71cc31a9a8baed26a9f9
  - name: buf.build/googleapis/googleapis
    commit: 5ae7f88519b04fe1965da0f8a375a088
    digest: b5:ac717f02b210c53aeaa5d8801b118cae7a1883dab531034859889622dcb389979ee731ab42192c16c3cdb39b40f2dda72a8c1ebeefa3bcdf95f9e5739dc30cca
  - name: buf.build/grpc-ecosystem/grpc-gateway
    commit: a1ecdc58eccd49aa8bea2a7a9022dc27
    digest: b5:74f71040b7c3dfc67bc5e5cf358eafaaf0ca9a7b623d025e2102cd9659f11f87cd2caadb4cfd1e323fd39f5ac855dbd722a0bf68ec51abfdb5da794728d42714
